<?xml version="1.0" encoding="utf-8"?>
<Project ToolsVersion="4.0" xmlns="http://schemas.microsoft.com/developer/msbuild/2003">
  <ItemGroup>
    <Filter Include="Source Files">
      <UniqueIdentifier>{4FC737F1-C7A5-4376-A066-2A32D752A2FF}</UniqueIdentifier>
      <Extensions>cpp;c;cc;cxx;def;odl;idl;hpj;bat;asm;asmx</Extensions>
    </Filter>
    <Filter Include="Header Files">
      <UniqueIdentifier>{93995380-89BD-4b04-88EB-625FBE52EBFB}</UniqueIdentifier>
      <Extensions>h;hh;hpp;hxx;hm;inl;inc;ipp;xsd</Extensions>
    </Filter>
    <Filter Include="Resource Files">
      <UniqueIdentifier>{67DA6AB6-F800-4c08-8B7A-83BB121AAD01}</UniqueIdentifier>
      <Extensions>rc;ico;cur;bmp;dlg;rc2;rct;bin;rgs;gif;jpg;jpeg;jpe;resx;tiff;tif;png;wav;mfcribbon-ms</Extensions>
    </Filter>
  </ItemGroup>
  <ItemGroup>
    <ClInclude Include="sharpen.h">
      <Filter>Header Files</Filter>
    </ClInclude>
    <ClInclude Include="decolorization.h">
      <Filter>Header Files</Filter>
    </ClInclude>
    <ClInclude Include="separateColor.h">
      <Filter>Header Files</Filter>
    </ClInclude>
    <ClInclude Include="imageMorphology.hpp">
      <Filter>Header Files</Filter>
    </ClInclude>
    <ClInclude Include="reduceColor.h">
      <Filter>Header Files</Filter>
    </ClInclude>
    <ClInclude Include="wave.hpp">
      <Filter>Header Files</Filter>
    </ClInclude>
    <ClInclude Include="arithmetic.h">
      <Filter>Header Files</Filter>
    </ClInclude>
    <ClInclude Include="cartoonEffect.h">
      <Filter>Header Files</Filter>
    </ClInclude>
    <ClInclude Include="detectEdges.h">
      <Filter>Header Files</Filter>
    </ClInclude>
    <ClInclude Include="histogram.hpp">
      <Filter>Header Files</Filter>
    </ClInclude>
    <ClInclude Include="panorama.h">
      <Filter>Header Files</Filter>
    </ClInclude>
    <ClInclude Include="resizeAndRotate.h">
      <Filter>Header Files</Filter>
    </ClInclude>
    <ClInclude Include="salty.h">
      <Filter>Header Files</Filter>
    </ClInclude>
<<<<<<< HEAD
    <ClInclude Include="mergeSort.h">
      <Filter>Header Files</Filter>
    </ClInclude>
    <ClInclude Include="selectionSort.h">
      <Filter>Header Files</Filter>
    </ClInclude>
    <ClInclude Include="detectCorners.h">
      <Filter>Header Files</Filter>
    </ClInclude>
    <ClInclude Include="bubbleSort.h">
      <Filter>Header Files</Filter>
    </ClInclude>
    <ClInclude Include="insertionSort.h">
      <Filter>Header Files</Filter>
    </ClInclude>
    <ClInclude Include="quicksort.hpp">
      <Filter>Header Files</Filter>
    </ClInclude>
    <ClInclude Include="heapsort.hpp">
      <Filter>Header Files</Filter>
    </ClInclude>
    <ClInclude Include="shellSort.h">
      <Filter>Header Files</Filter>
    </ClInclude>
    <ClInclude Include="readText.hpp">
      <Filter>Header Files</Filter>
    </ClInclude>
    <ClInclude Include="inputHandler.hpp">
      <Filter>Header Files</Filter>
    </ClInclude>
    <ClInclude Include="OCRWrapper.hpp">
      <Filter>Header Files</Filter>
    </ClInclude>
    <ClInclude Include="detectCircle.h">
      <Filter>Header Files</Filter>
    </ClInclude>
    <ClInclude Include="detectText.h">
      <Filter>Header Files</Filter>
    </ClInclude>
    <ClInclude Include="readSpeedLimitSign.h">
      <Filter>Header Files</Filter>
    </ClInclude>
    <ClInclude Include="detectSpeedLimitFromCam.h">
      <Filter>Header Files</Filter>
    </ClInclude>
    <ClInclude Include="serialConnection.hpp">
      <Filter>Header Files</Filter>
    </ClInclude>
    <ClInclude Include="setupMode.hpp">
      <Filter>Header Files</Filter>
    </ClInclude>
    <ClInclude Include="filterSignLimit.h">
	  <Filter>Header Files</Filter>
    </ClInclude>
    <ClInclude Include="loadPreset.hpp">
      <Filter>Header Files</Filter>
    </ClInclude>
  </ItemGroup>
  <ItemGroup>
    <ClCompile Include="main.cpp">
      <Filter>Source Files</Filter>
    </ClCompile>
    <ClCompile Include="sharpen.cpp">
      <Filter>Source Files</Filter>
    </ClCompile>
    <ClCompile Include="decolorization.cpp">
      <Filter>Source Files</Filter>
    </ClCompile>
    <ClCompile Include="separateColor.cpp">
      <Filter>Source Files</Filter>
    </ClCompile>
    <ClCompile Include="imageMorphology.cpp">
      <Filter>Source Files</Filter>
    </ClCompile>
    <ClCompile Include="reduceColor.cpp">
      <Filter>Source Files</Filter>
    </ClCompile>
    <ClCompile Include="wave.cpp">
      <Filter>Source Files</Filter>
    </ClCompile>
    <ClCompile Include="arithmetic.cpp">
      <Filter>Source Files</Filter>
    </ClCompile>
    <ClCompile Include="cartoonEffect.cpp">
      <Filter>Source Files</Filter>
    </ClCompile>
    <ClCompile Include="detectEdges.cpp">
      <Filter>Source Files</Filter>
    </ClCompile>
    <ClCompile Include="histogram.cpp">
      <Filter>Source Files</Filter>
    </ClCompile>
    <ClCompile Include="panorama.cpp">
      <Filter>Source Files</Filter>
    </ClCompile>
    <ClCompile Include="resizeAndRotate.cpp">
      <Filter>Source Files</Filter>
    </ClCompile>
    <ClCompile Include="salty.cpp">
      <Filter>Source Files</Filter>
    </ClCompile>
    <ClCompile Include="mergeSort.cpp">
      <Filter>Source Files</Filter>
    </ClCompile>
    <ClCompile Include="selectionSort.cpp">
      <Filter>Source Files</Filter>
    </ClCompile>
    <ClCompile Include="detectCorners.cpp">
      <Filter>Source Files</Filter>
    </ClCompile>
    <ClCompile Include="bubbleSort.cpp">
      <Filter>Source Files</Filter>
    </ClCompile>
    <ClCompile Include="insertionSort.cpp">
      <Filter>Source Files</Filter>
    </ClCompile>
    <ClCompile Include="quicksort.cpp">
      <Filter>Source Files</Filter>
    </ClCompile>
    <ClCompile Include="heapsort.cpp">
      <Filter>Source Files</Filter>
    </ClCompile>
    <ClCompile Include="shellSort.cpp">
      <Filter>Source Files</Filter>
    </ClCompile>
    <ClCompile Include="readText.cpp">
      <Filter>Source Files</Filter>
    </ClCompile>
    <ClCompile Include="inputHandler.cpp">
      <Filter>Source Files</Filter>
    </ClCompile>
    <ClCompile Include="OCRWrapper.cpp">
      <Filter>Source Files</Filter>
    </ClCompile>
    <ClCompile Include="detectCircle.cpp">
      <Filter>Source Files</Filter>
    </ClCompile>
    <ClCompile Include="detectText.cpp">
      <Filter>Source Files</Filter>
    </ClCompile>
    <ClCompile Include="readSpeedLimitSign.cpp">
      <Filter>Source Files</Filter>
    </ClCompile>
    <ClCompile Include="detectSpeedLimitFromCam.cpp">
      <Filter>Source Files</Filter>
    </ClCompile>
    <ClCompile Include="serialConnection.cpp">
      <Filter>Source Files</Filter>
    </ClCompile>
    <ClCompile Include="setupMode.cpp">
      <Filter>Source Files</Filter>
    </ClCompile>
    <ClCompile Include="filterSignLimit.cpp">
      <Filter>Source Files</Filter>
    </ClCompile>
    <ClCompile Include="loadPreset.cpp">
      <Filter>Source Files</Filter>
    </ClCompile>
  </ItemGroup>
</Project>